semantic:
  feature_order:
  - lex_p
  - rr_max
  - nli_ent
  - cos_max
  - nli_contra
  - lex_contra
  - lex_blocked
  weights:
    Intercept: -5.186199
    lex_p: 5.300125
    rr_max: 1.037737
    nli_ent: 2.216246
    cos_max: 3.751941
    nli_contra: -0.897544
    lex_contra: -0.630457
    lex_blocked: 2.914284
  threshold: 0.579798
  escalation_band:
  - 0.129863
  - 0.986142
  cosine_gate:
  - 0.493
  - 0.739
  cascade_band:
  - 0.01
  - 0.66
  top_k: 8
